
Microsoft Visual Studio Solution File, Format Version 12.00
# Visual Studio Version 17
VisualStudioVersion = 17.7.34003.232
MinimumVisualStudioVersion = 10.0.40219.1
Project("{FAE04EC0-301F-11D3-BF4B-00C04F79EFBC}") = "PRN211_PROJECT_Cinemasystem", "PRN211_PROJECT_Cinemasystem\PRN211_PROJECT_Cinemasystem.csproj", "{879C661F-19DE-4EBB-9D89-D50FE57BDF31}"
EndProject
Project("{FAE04EC0-301F-11D3-BF4B-00C04F79EFBC}") = "CinemaSystem", "CinemaSystem\CinemaSystem.csproj", "{291CD5A6-49D1-47B9-A279-EDE5E7ED41B2}"
EndProject
Global
	GlobalSection(SolutionConfigurationPlatforms) = preSolution
		Debug|Any CPU = Debug|Any CPU
		Release|Any CPU = Release|Any CPU
	EndGlobalSection
	GlobalSection(ProjectConfigurationPlatforms) = postSolution
		{879C661F-19DE-4EBB-9D89-D50FE57BDF31}.Debug|Any CPU.ActiveCfg = Debug|Any CPU
		{879C661F-19DE-4EBB-9D89-D50FE57BDF31}.Debug|Any CPU.Build.0 = Debug|Any CPU
		{879C661F-19DE-4EBB-9D89-D50FE57BDF31}.Release|Any CPU.ActiveCfg = Release|Any CPU
		{879C661F-19DE-4EBB-9D89-D50FE57BDF31}.Release|Any CPU.Build.0 = Release|Any CPU
		{291CD5A6-49D1-47B9-A279-EDE5E7ED41B2}.Debug|Any CPU.ActiveCfg = Debug|Any CPU
		{291CD5A6-49D1-47B9-A279-EDE5E7ED41B2}.Debug|Any CPU.Build.0 = Debug|Any CPU
		{291CD5A6-49D1-47B9-A279-EDE5E7ED41B2}.Release|Any CPU.ActiveCfg = Release|Any CPU
		{291CD5A6-49D1-47B9-A279-EDE5E7ED41B2}.Release|Any CPU.Build.0 = Release|Any CPU
	EndGlobalSection
	GlobalSection(SolutionProperties) = preSolution
		HideSolutionNode = FALSE
	EndGlobalSection
	GlobalSection(ExtensibilityGlobals) = postSolution
		SolutionGuid = {9F5D8664-78C9-4B41-8390-6D824732A6D2}
	EndGlobalSection
EndGlobal
