
Microsoft Visual Studio Solution File, Format Version 12.00
# Visual Studio Version 17
VisualStudioVersion = 17.7.34003.232
MinimumVisualStudioVersion = 10.0.40219.1
Project("{FAE04EC0-301F-11D3-BF4B-00C04F79EFBC}") = "PRN211_22_08", "PRN211_22_08\PRN211_22_08.csproj", "{1DA1B20B-9AEE-486C-A2F4-071902FDB264}"
EndProject
Global
	GlobalSection(SolutionConfigurationPlatforms) = preSolution
		Debug|Any CPU = Debug|Any CPU
		Release|Any CPU = Release|Any CPU
	EndGlobalSection
	GlobalSection(ProjectConfigurationPlatforms) = postSolution
		{1DA1B20B-9AEE-486C-A2F4-071902FDB264}.Debug|Any CPU.ActiveCfg = Debug|Any CPU
		{1DA1B20B-9AEE-486C-A2F4-071902FDB264}.Debug|Any CPU.Build.0 = Debug|Any CPU
		{1DA1B20B-9AEE-486C-A2F4-071902FDB264}.Release|Any CPU.ActiveCfg = Release|Any CPU
		{1DA1B20B-9AEE-486C-A2F4-071902FDB264}.Release|Any CPU.Build.0 = Release|Any CPU
	EndGlobalSection
	GlobalSection(SolutionProperties) = preSolution
		HideSolutionNode = FALSE
	EndGlobalSection
	GlobalSection(ExtensibilityGlobals) = postSolution
		SolutionGuid = {BFC56E58-4C70-4706-80F0-169A741E7650}
	EndGlobalSection
EndGlobal
