
Microsoft Visual Studio Solution File, Format Version 12.00
# Visual Studio Version 17
VisualStudioVersion = 17.7.34003.232
MinimumVisualStudioVersion = 10.0.40219.1
Project("{FAE04EC0-301F-11D3-BF4B-00C04F79EFBC}") = "CinemaSystemWebapp", "CinemaSystemWebapp\CinemaSystemWebapp.csproj", "{7F8573A5-F6D5-432C-9617-3EADE00D0DF4}"
EndProject
Project("{FAE04EC0-301F-11D3-BF4B-00C04F79EFBC}") = "CinemaSystemWF", "CinemaSystemWF\CinemaSystemWF.csproj", "{FC2DE210-2BDF-444B-846E-785CEC76848B}"
EndProject
Global
	GlobalSection(SolutionConfigurationPlatforms) = preSolution
		Debug|Any CPU = Debug|Any CPU
		Release|Any CPU = Release|Any CPU
	EndGlobalSection
	GlobalSection(ProjectConfigurationPlatforms) = postSolution
		{7F8573A5-F6D5-432C-9617-3EADE00D0DF4}.Debug|Any CPU.ActiveCfg = Debug|Any CPU
		{7F8573A5-F6D5-432C-9617-3EADE00D0DF4}.Debug|Any CPU.Build.0 = Debug|Any CPU
		{7F8573A5-F6D5-432C-9617-3EADE00D0DF4}.Release|Any CPU.ActiveCfg = Release|Any CPU
		{7F8573A5-F6D5-432C-9617-3EADE00D0DF4}.Release|Any CPU.Build.0 = Release|Any CPU
		{FC2DE210-2BDF-444B-846E-785CEC76848B}.Debug|Any CPU.ActiveCfg = Debug|Any CPU
		{FC2DE210-2BDF-444B-846E-785CEC76848B}.Debug|Any CPU.Build.0 = Debug|Any CPU
		{FC2DE210-2BDF-444B-846E-785CEC76848B}.Release|Any CPU.ActiveCfg = Release|Any CPU
		{FC2DE210-2BDF-444B-846E-785CEC76848B}.Release|Any CPU.Build.0 = Release|Any CPU
	EndGlobalSection
	GlobalSection(SolutionProperties) = preSolution
		HideSolutionNode = FALSE
	EndGlobalSection
	GlobalSection(ExtensibilityGlobals) = postSolution
		SolutionGuid = {D062DC5F-B2E5-4DEB-9E19-516253024D75}
	EndGlobalSection
EndGlobal
